
Microsoft Visual Studio Solution File, Format Version 12.00
# Visual Studio Version 17
VisualStudioVersion = 17.7.34031.279
MinimumVisualStudioVersion = 10.0.40219.1
Project("{9A19103F-16F7-4668-BE54-9A1E7A4F7556}") = "AutoExtrusionReporter", "AutoExtrusionReporter\AutoExtrusionReporter.csproj", "{C44A5F05-F4A7-4762-9365-EBD6E062EED9}"
EndProject
Project("{9A19103F-16F7-4668-BE54-9A1E7A4F7556}") = "AutoExtrusionReporter.Android", "AutoExtrusionReporter.Android\AutoExtrusionReporter.Android.csproj", "{5BE961E1-81AE-4498-B699-C9D94975BD9B}"
EndProject
Project("{9A19103F-16F7-4668-BE54-9A1E7A4F7556}") = "AutoExtrusionReporter.Desktop", "AutoExtrusionReporter.Desktop\AutoExtrusionReporter.Desktop.csproj", "{74676A03-0981-427A-9226-3480FAE928C3}"
EndProject
Global
	GlobalSection(SolutionConfigurationPlatforms) = preSolution
		Debug|Any CPU = Debug|Any CPU
		Release|Any CPU = Release|Any CPU
	EndGlobalSection
	GlobalSection(ProjectConfigurationPlatforms) = postSolution
		{C44A5F05-F4A7-4762-9365-EBD6E062EED9}.Debug|Any CPU.ActiveCfg = Debug|Any CPU
		{C44A5F05-F4A7-4762-9365-EBD6E062EED9}.Debug|Any CPU.Build.0 = Debug|Any CPU
		{C44A5F05-F4A7-4762-9365-EBD6E062EED9}.Release|Any CPU.ActiveCfg = Release|Any CPU
		{C44A5F05-F4A7-4762-9365-EBD6E062EED9}.Release|Any CPU.Build.0 = Release|Any CPU
		{5BE961E1-81AE-4498-B699-C9D94975BD9B}.Debug|Any CPU.ActiveCfg = Debug|Any CPU
		{5BE961E1-81AE-4498-B699-C9D94975BD9B}.Debug|Any CPU.Build.0 = Debug|Any CPU
		{5BE961E1-81AE-4498-B699-C9D94975BD9B}.Debug|Any CPU.Deploy.0 = Debug|Any CPU
		{5BE961E1-81AE-4498-B699-C9D94975BD9B}.Release|Any CPU.ActiveCfg = Release|Any CPU
		{5BE961E1-81AE-4498-B699-C9D94975BD9B}.Release|Any CPU.Build.0 = Release|Any CPU
		{5BE961E1-81AE-4498-B699-C9D94975BD9B}.Release|Any CPU.Deploy.0 = Release|Any CPU
		{74676A03-0981-427A-9226-3480FAE928C3}.Debug|Any CPU.ActiveCfg = Debug|Any CPU
		{74676A03-0981-427A-9226-3480FAE928C3}.Debug|Any CPU.Build.0 = Debug|Any CPU
		{74676A03-0981-427A-9226-3480FAE928C3}.Release|Any CPU.ActiveCfg = Release|Any CPU
		{74676A03-0981-427A-9226-3480FAE928C3}.Release|Any CPU.Build.0 = Release|Any CPU
	EndGlobalSection
	GlobalSection(SolutionProperties) = preSolution
		HideSolutionNode = FALSE
	EndGlobalSection
	GlobalSection(ExtensibilityGlobals) = postSolution
		SolutionGuid = {9407E4C3-7BCB-4376-BB9E-2012E2D99814}
	EndGlobalSection
EndGlobal
